
Microsoft Visual Studio Solution File, Format Version 12.00
# Visual Studio Version 16
VisualStudioVersion = 16.0.30011.22
MinimumVisualStudioVersion = 10.0.40219.1
Project("{FAE04EC0-301F-11D3-BF4B-00C04F79EFBC}") = "OdeToFood.Web", "OdeToFood.Web\OdeToFood.Web.csproj", "{81F3B762-E37C-46ED-BF99-A7AE8D04222A}"
EndProject
Project("{FAE04EC0-301F-11D3-BF4B-00C04F79EFBC}") = "OdeToFood.Data", "OdeToFood.Data\OdeToFood.Data.csproj", "{3CBD78AA-A132-4071-9534-EC8B75F80667}"
EndProject
Global
	GlobalSection(SolutionConfigurationPlatforms) = preSolution
		Debug|Any CPU = Debug|Any CPU
		Release|Any CPU = Release|Any CPU
	EndGlobalSection
	GlobalSection(ProjectConfigurationPlatforms) = postSolution
		{81F3B762-E37C-46ED-BF99-A7AE8D04222A}.Debug|Any CPU.ActiveCfg = Debug|Any CPU
		{81F3B762-E37C-46ED-BF99-A7AE8D04222A}.Debug|Any CPU.Build.0 = Debug|Any CPU
		{81F3B762-E37C-46ED-BF99-A7AE8D04222A}.Release|Any CPU.ActiveCfg = Release|Any CPU
		{81F3B762-E37C-46ED-BF99-A7AE8D04222A}.Release|Any CPU.Build.0 = Release|Any CPU
		{3CBD78AA-A132-4071-9534-EC8B75F80667}.Debug|Any CPU.ActiveCfg = Debug|Any CPU
		{3CBD78AA-A132-4071-9534-EC8B75F80667}.Debug|Any CPU.Build.0 = Debug|Any CPU
		{3CBD78AA-A132-4071-9534-EC8B75F80667}.Release|Any CPU.ActiveCfg = Release|Any CPU
		{3CBD78AA-A132-4071-9534-EC8B75F80667}.Release|Any CPU.Build.0 = Release|Any CPU
	EndGlobalSection
	GlobalSection(SolutionProperties) = preSolution
		HideSolutionNode = FALSE
	EndGlobalSection
	GlobalSection(ExtensibilityGlobals) = postSolution
		SolutionGuid = {1CCF4F2E-DD42-40A9-A6A8-2274E4D947C1}
	EndGlobalSection
EndGlobal
